
Microsoft Visual Studio Solution File, Format Version 12.00
# Visual Studio Version 17
VisualStudioVersion = 17.5.002.0
MinimumVisualStudioVersion = 10.0.40219.1
Project("{9A19103F-16F7-4668-BE54-9A1E7A4F7556}") = "Semana2", "Semana2\Semana2.csproj", "{BC940DE3-2A00-4D76-A8D6-0591848EA153}"
EndProject
Project("{FAE04EC0-301F-11D3-BF4B-00C04F79EFBC}") = "Practico experimental", "Practico experimental\Practico experimental.csproj", "{35279555-4506-48FF-8813-94C7606F3049}"
EndProject
Project("{FAE04EC0-301F-11D3-BF4B-00C04F79EFBC}") = "practico", "practico\practico.csproj", "{1AC7B67F-38E7-4097-974E-A27C666A13CE}"
EndProject
Project("{FAE04EC0-301F-11D3-BF4B-00C04F79EFBC}") = "Semana5", "Semana5\Semana5.csproj", "{FDF08CB2-10A3-40C8-9EAE-A048077BF88A}"
EndProject
Project("{FAE04EC0-301F-11D3-BF4B-00C04F79EFBC}") = "Ejercicio1", "Ejercicio1\Ejercicio1.csproj", "{C3754C86-AC85-484B-A152-3BA4977CD692}"
EndProject
Project("{FAE04EC0-301F-11D3-BF4B-00C04F79EFBC}") = "ejercicio2", "ejercicio2\ejercicio2.csproj", "{3397CC2C-70EA-4565-82A2-AE859E6A8E79}"
EndProject
Project("{FAE04EC0-301F-11D3-BF4B-00C04F79EFBC}") = "prueba", "prueba\prueba.csproj", "{72C4C7FF-0B12-4796-917B-6B42042ADCCC}"
EndProject
Project("{FAE04EC0-301F-11D3-BF4B-00C04F79EFBC}") = "Semana7.1", "Semana7.1\Semana7.1.csproj", "{090A1594-CDA5-449E-8284-E46DC74544BB}"
EndProject
Project("{FAE04EC0-301F-11D3-BF4B-00C04F79EFBC}") = "Semana7.2", "Semana7.2\Semana7.2.csproj", "{DCDAD517-B727-4525-AF6D-A972B8BDF996}"
EndProject
Project("{FAE04EC0-301F-11D3-BF4B-00C04F79EFBC}") = "Practica2", "Practica2\Practica2.csproj", "{BC5F1AD6-843D-47F0-BBCC-DDA43FFD1CD6}"
EndProject
Project("{FAE04EC0-301F-11D3-BF4B-00C04F79EFBC}") = "semana.10", "semana.10\semana.10.csproj", "{5DEFA451-27B8-42C3-B94E-B5F4A3A485BC}"
EndProject
Project("{FAE04EC0-301F-11D3-BF4B-00C04F79EFBC}") = "Semana10", "Semana10\Semana10.csproj", "{E85BDE5E-D34B-4CA6-BD7C-5F883F4E4857}"
EndProject
Project("{FAE04EC0-301F-11D3-BF4B-00C04F79EFBC}") = "Semana11", "Semana11\Semana11.csproj", "{4CFF7F91-762E-415E-A24B-15627F69291A}"
EndProject
Global
	GlobalSection(SolutionConfigurationPlatforms) = preSolution
		Debug|Any CPU = Debug|Any CPU
		Release|Any CPU = Release|Any CPU
	EndGlobalSection
	GlobalSection(ProjectConfigurationPlatforms) = postSolution
		{BC940DE3-2A00-4D76-A8D6-0591848EA153}.Debug|Any CPU.ActiveCfg = Debug|Any CPU
		{BC940DE3-2A00-4D76-A8D6-0591848EA153}.Debug|Any CPU.Build.0 = Debug|Any CPU
		{BC940DE3-2A00-4D76-A8D6-0591848EA153}.Release|Any CPU.ActiveCfg = Release|Any CPU
		{BC940DE3-2A00-4D76-A8D6-0591848EA153}.Release|Any CPU.Build.0 = Release|Any CPU
		{35279555-4506-48FF-8813-94C7606F3049}.Debug|Any CPU.ActiveCfg = Debug|Any CPU
		{35279555-4506-48FF-8813-94C7606F3049}.Debug|Any CPU.Build.0 = Debug|Any CPU
		{35279555-4506-48FF-8813-94C7606F3049}.Release|Any CPU.ActiveCfg = Release|Any CPU
		{35279555-4506-48FF-8813-94C7606F3049}.Release|Any CPU.Build.0 = Release|Any CPU
		{1AC7B67F-38E7-4097-974E-A27C666A13CE}.Debug|Any CPU.ActiveCfg = Debug|Any CPU
		{1AC7B67F-38E7-4097-974E-A27C666A13CE}.Debug|Any CPU.Build.0 = Debug|Any CPU
		{1AC7B67F-38E7-4097-974E-A27C666A13CE}.Release|Any CPU.ActiveCfg = Release|Any CPU
		{1AC7B67F-38E7-4097-974E-A27C666A13CE}.Release|Any CPU.Build.0 = Release|Any CPU
		{FDF08CB2-10A3-40C8-9EAE-A048077BF88A}.Debug|Any CPU.ActiveCfg = Debug|Any CPU
		{FDF08CB2-10A3-40C8-9EAE-A048077BF88A}.Debug|Any CPU.Build.0 = Debug|Any CPU
		{FDF08CB2-10A3-40C8-9EAE-A048077BF88A}.Release|Any CPU.ActiveCfg = Release|Any CPU
		{FDF08CB2-10A3-40C8-9EAE-A048077BF88A}.Release|Any CPU.Build.0 = Release|Any CPU
		{C3754C86-AC85-484B-A152-3BA4977CD692}.Debug|Any CPU.ActiveCfg = Debug|Any CPU
		{C3754C86-AC85-484B-A152-3BA4977CD692}.Debug|Any CPU.Build.0 = Debug|Any CPU
		{C3754C86-AC85-484B-A152-3BA4977CD692}.Release|Any CPU.ActiveCfg = Release|Any CPU
		{C3754C86-AC85-484B-A152-3BA4977CD692}.Release|Any CPU.Build.0 = Release|Any CPU
		{3397CC2C-70EA-4565-82A2-AE859E6A8E79}.Debug|Any CPU.ActiveCfg = Debug|Any CPU
		{3397CC2C-70EA-4565-82A2-AE859E6A8E79}.Debug|Any CPU.Build.0 = Debug|Any CPU
		{3397CC2C-70EA-4565-82A2-AE859E6A8E79}.Release|Any CPU.ActiveCfg = Release|Any CPU
		{3397CC2C-70EA-4565-82A2-AE859E6A8E79}.Release|Any CPU.Build.0 = Release|Any CPU
		{72C4C7FF-0B12-4796-917B-6B42042ADCCC}.Debug|Any CPU.ActiveCfg = Debug|Any CPU
		{72C4C7FF-0B12-4796-917B-6B42042ADCCC}.Debug|Any CPU.Build.0 = Debug|Any CPU
		{72C4C7FF-0B12-4796-917B-6B42042ADCCC}.Release|Any CPU.ActiveCfg = Release|Any CPU
		{72C4C7FF-0B12-4796-917B-6B42042ADCCC}.Release|Any CPU.Build.0 = Release|Any CPU
		{090A1594-CDA5-449E-8284-E46DC74544BB}.Debug|Any CPU.ActiveCfg = Debug|Any CPU
		{090A1594-CDA5-449E-8284-E46DC74544BB}.Debug|Any CPU.Build.0 = Debug|Any CPU
		{090A1594-CDA5-449E-8284-E46DC74544BB}.Release|Any CPU.ActiveCfg = Release|Any CPU
		{090A1594-CDA5-449E-8284-E46DC74544BB}.Release|Any CPU.Build.0 = Release|Any CPU
		{DCDAD517-B727-4525-AF6D-A972B8BDF996}.Debug|Any CPU.ActiveCfg = Debug|Any CPU
		{DCDAD517-B727-4525-AF6D-A972B8BDF996}.Debug|Any CPU.Build.0 = Debug|Any CPU
		{DCDAD517-B727-4525-AF6D-A972B8BDF996}.Release|Any CPU.ActiveCfg = Release|Any CPU
		{DCDAD517-B727-4525-AF6D-A972B8BDF996}.Release|Any CPU.Build.0 = Release|Any CPU
		{BC5F1AD6-843D-47F0-BBCC-DDA43FFD1CD6}.Debug|Any CPU.ActiveCfg = Debug|Any CPU
		{BC5F1AD6-843D-47F0-BBCC-DDA43FFD1CD6}.Debug|Any CPU.Build.0 = Debug|Any CPU
		{BC5F1AD6-843D-47F0-BBCC-DDA43FFD1CD6}.Release|Any CPU.ActiveCfg = Release|Any CPU
		{BC5F1AD6-843D-47F0-BBCC-DDA43FFD1CD6}.Release|Any CPU.Build.0 = Release|Any CPU
		{5DEFA451-27B8-42C3-B94E-B5F4A3A485BC}.Debug|Any CPU.ActiveCfg = Debug|Any CPU
		{5DEFA451-27B8-42C3-B94E-B5F4A3A485BC}.Debug|Any CPU.Build.0 = Debug|Any CPU
		{5DEFA451-27B8-42C3-B94E-B5F4A3A485BC}.Release|Any CPU.ActiveCfg = Release|Any CPU
		{5DEFA451-27B8-42C3-B94E-B5F4A3A485BC}.Release|Any CPU.Build.0 = Release|Any CPU
		{E85BDE5E-D34B-4CA6-BD7C-5F883F4E4857}.Debug|Any CPU.ActiveCfg = Debug|Any CPU
		{E85BDE5E-D34B-4CA6-BD7C-5F883F4E4857}.Debug|Any CPU.Build.0 = Debug|Any CPU
		{E85BDE5E-D34B-4CA6-BD7C-5F883F4E4857}.Release|Any CPU.ActiveCfg = Release|Any CPU
		{E85BDE5E-D34B-4CA6-BD7C-5F883F4E4857}.Release|Any CPU.Build.0 = Release|Any CPU
		{4CFF7F91-762E-415E-A24B-15627F69291A}.Debug|Any CPU.ActiveCfg = Debug|Any CPU
		{4CFF7F91-762E-415E-A24B-15627F69291A}.Debug|Any CPU.Build.0 = Debug|Any CPU
		{4CFF7F91-762E-415E-A24B-15627F69291A}.Release|Any CPU.ActiveCfg = Release|Any CPU
		{4CFF7F91-762E-415E-A24B-15627F69291A}.Release|Any CPU.Build.0 = Release|Any CPU
	EndGlobalSection
	GlobalSection(SolutionProperties) = preSolution
		HideSolutionNode = FALSE
	EndGlobalSection
	GlobalSection(ExtensibilityGlobals) = postSolution
		SolutionGuid = {D92B4D46-43FD-4E77-9029-60BCF9EA258A}
	EndGlobalSection
EndGlobal
